
Microsoft Visual Studio Solution File, Format Version 12.00
# Visual Studio Version 17
VisualStudioVersion = 17.3.32929.385
MinimumVisualStudioVersion = 10.0.40219.1
Project("{8BC9CEB8-8B4A-11D0-8D11-00A0C91BC942}") = "01_Intro_OOP", "01_Intro_OOP\01_Intro_OOP.vcxproj", "{4E26D6B3-7694-4230-8F88-9EBFF6A89CA4}"
EndProject
Project("{8BC9CEB8-8B4A-11D0-8D11-00A0C91BC942}") = "02_ConstructorDestructor", "02_ConstructorDestructor\02_ConstructorDestructor.vcxproj", "{7DC00280-1941-4C5D-AD78-13F326A6666C}"
EndProject
Project("{8BC9CEB8-8B4A-11D0-8D11-00A0C91BC942}") = "03_Initialization", "03_Initialization\03_Initialization.vcxproj", "{0309841D-E92A-45E0-A650-151F435E23A7}"
EndProject
Project("{8BC9CEB8-8B4A-11D0-8D11-00A0C91BC942}") = "04_CopyConstructor", "04_CopyConstructor\04_CopyConstructor.vcxproj", "{4AA6AC93-F0CA-4247-8F7D-A7C2E91CF07E}"
EndProject
Project("{8BC9CEB8-8B4A-11D0-8D11-00A0C91BC942}") = "05_InlineStaticMethodsDelegation", "05_InlineStaticMethodsDelegation\05_InlineStaticMethodsDelegation.vcxproj", "{10050C5B-B659-450A-9FD7-79C5809EFA9E}"
EndProject
Project("{8BC9CEB8-8B4A-11D0-8D11-00A0C91BC942}") = "06_ConstExplicit", "06_ConstExplicit\06_ConstExplicit.vcxproj", "{765E657E-E691-4723-BB87-C721612BF33C}"
EndProject
Project("{8BC9CEB8-8B4A-11D0-8D11-00A0C91BC942}") = "07_OverloadOperators", "07_OverloadOperators\07_OverloadOperators.vcxproj", "{939C3B66-1EAC-483D-9CCA-952572E49E09}"
EndProject
Project("{8BC9CEB8-8B4A-11D0-8D11-00A0C91BC942}") = "08_Train", "08_Train\08_Train.vcxproj", "{D2663099-C6C5-400E-9BA1-0B987DBDB010}"
EndProject
Project("{8BC9CEB8-8B4A-11D0-8D11-00A0C91BC942}") = "09_OverloadTypes", "09_OverloadTypes\09_OverloadTypes.vcxproj", "{0D08927D-3E4D-4B1C-B76C-D17B29A0DD0D}"
EndProject
Global
	GlobalSection(SolutionConfigurationPlatforms) = preSolution
		Debug|x64 = Debug|x64
		Debug|x86 = Debug|x86
		Release|x64 = Release|x64
		Release|x86 = Release|x86
	EndGlobalSection
	GlobalSection(ProjectConfigurationPlatforms) = postSolution
		{4E26D6B3-7694-4230-8F88-9EBFF6A89CA4}.Debug|x64.ActiveCfg = Debug|x64
		{4E26D6B3-7694-4230-8F88-9EBFF6A89CA4}.Debug|x64.Build.0 = Debug|x64
		{4E26D6B3-7694-4230-8F88-9EBFF6A89CA4}.Debug|x86.ActiveCfg = Debug|Win32
		{4E26D6B3-7694-4230-8F88-9EBFF6A89CA4}.Debug|x86.Build.0 = Debug|Win32
		{4E26D6B3-7694-4230-8F88-9EBFF6A89CA4}.Release|x64.ActiveCfg = Release|x64
		{4E26D6B3-7694-4230-8F88-9EBFF6A89CA4}.Release|x64.Build.0 = Release|x64
		{4E26D6B3-7694-4230-8F88-9EBFF6A89CA4}.Release|x86.ActiveCfg = Release|Win32
		{4E26D6B3-7694-4230-8F88-9EBFF6A89CA4}.Release|x86.Build.0 = Release|Win32
		{7DC00280-1941-4C5D-AD78-13F326A6666C}.Debug|x64.ActiveCfg = Debug|x64
		{7DC00280-1941-4C5D-AD78-13F326A6666C}.Debug|x64.Build.0 = Debug|x64
		{7DC00280-1941-4C5D-AD78-13F326A6666C}.Debug|x86.ActiveCfg = Debug|Win32
		{7DC00280-1941-4C5D-AD78-13F326A6666C}.Debug|x86.Build.0 = Debug|Win32
		{7DC00280-1941-4C5D-AD78-13F326A6666C}.Release|x64.ActiveCfg = Release|x64
		{7DC00280-1941-4C5D-AD78-13F326A6666C}.Release|x64.Build.0 = Release|x64
		{7DC00280-1941-4C5D-AD78-13F326A6666C}.Release|x86.ActiveCfg = Release|Win32
		{7DC00280-1941-4C5D-AD78-13F326A6666C}.Release|x86.Build.0 = Release|Win32
		{0309841D-E92A-45E0-A650-151F435E23A7}.Debug|x64.ActiveCfg = Debug|x64
		{0309841D-E92A-45E0-A650-151F435E23A7}.Debug|x64.Build.0 = Debug|x64
		{0309841D-E92A-45E0-A650-151F435E23A7}.Debug|x86.ActiveCfg = Debug|Win32
		{0309841D-E92A-45E0-A650-151F435E23A7}.Debug|x86.Build.0 = Debug|Win32
		{0309841D-E92A-45E0-A650-151F435E23A7}.Release|x64.ActiveCfg = Release|x64
		{0309841D-E92A-45E0-A650-151F435E23A7}.Release|x64.Build.0 = Release|x64
		{0309841D-E92A-45E0-A650-151F435E23A7}.Release|x86.ActiveCfg = Release|Win32
		{0309841D-E92A-45E0-A650-151F435E23A7}.Release|x86.Build.0 = Release|Win32
		{4AA6AC93-F0CA-4247-8F7D-A7C2E91CF07E}.Debug|x64.ActiveCfg = Debug|x64
		{4AA6AC93-F0CA-4247-8F7D-A7C2E91CF07E}.Debug|x64.Build.0 = Debug|x64
		{4AA6AC93-F0CA-4247-8F7D-A7C2E91CF07E}.Debug|x86.ActiveCfg = Debug|Win32
		{4AA6AC93-F0CA-4247-8F7D-A7C2E91CF07E}.Debug|x86.Build.0 = Debug|Win32
		{4AA6AC93-F0CA-4247-8F7D-A7C2E91CF07E}.Release|x64.ActiveCfg = Release|x64
		{4AA6AC93-F0CA-4247-8F7D-A7C2E91CF07E}.Release|x64.Build.0 = Release|x64
		{4AA6AC93-F0CA-4247-8F7D-A7C2E91CF07E}.Release|x86.ActiveCfg = Release|Win32
		{4AA6AC93-F0CA-4247-8F7D-A7C2E91CF07E}.Release|x86.Build.0 = Release|Win32
		{10050C5B-B659-450A-9FD7-79C5809EFA9E}.Debug|x64.ActiveCfg = Debug|x64
		{10050C5B-B659-450A-9FD7-79C5809EFA9E}.Debug|x64.Build.0 = Debug|x64
		{10050C5B-B659-450A-9FD7-79C5809EFA9E}.Debug|x86.ActiveCfg = Debug|Win32
		{10050C5B-B659-450A-9FD7-79C5809EFA9E}.Debug|x86.Build.0 = Debug|Win32
		{10050C5B-B659-450A-9FD7-79C5809EFA9E}.Release|x64.ActiveCfg = Release|x64
		{10050C5B-B659-450A-9FD7-79C5809EFA9E}.Release|x64.Build.0 = Release|x64
		{10050C5B-B659-450A-9FD7-79C5809EFA9E}.Release|x86.ActiveCfg = Release|Win32
		{10050C5B-B659-450A-9FD7-79C5809EFA9E}.Release|x86.Build.0 = Release|Win32
		{765E657E-E691-4723-BB87-C721612BF33C}.Debug|x64.ActiveCfg = Debug|x64
		{765E657E-E691-4723-BB87-C721612BF33C}.Debug|x64.Build.0 = Debug|x64
		{765E657E-E691-4723-BB87-C721612BF33C}.Debug|x86.ActiveCfg = Debug|Win32
		{765E657E-E691-4723-BB87-C721612BF33C}.Debug|x86.Build.0 = Debug|Win32
		{765E657E-E691-4723-BB87-C721612BF33C}.Release|x64.ActiveCfg = Release|x64
		{765E657E-E691-4723-BB87-C721612BF33C}.Release|x64.Build.0 = Release|x64
		{765E657E-E691-4723-BB87-C721612BF33C}.Release|x86.ActiveCfg = Release|Win32
		{765E657E-E691-4723-BB87-C721612BF33C}.Release|x86.Build.0 = Release|Win32
		{939C3B66-1EAC-483D-9CCA-952572E49E09}.Debug|x64.ActiveCfg = Debug|x64
		{939C3B66-1EAC-483D-9CCA-952572E49E09}.Debug|x64.Build.0 = Debug|x64
		{939C3B66-1EAC-483D-9CCA-952572E49E09}.Debug|x86.ActiveCfg = Debug|Win32
		{939C3B66-1EAC-483D-9CCA-952572E49E09}.Debug|x86.Build.0 = Debug|Win32
		{939C3B66-1EAC-483D-9CCA-952572E49E09}.Release|x64.ActiveCfg = Release|x64
		{939C3B66-1EAC-483D-9CCA-952572E49E09}.Release|x64.Build.0 = Release|x64
		{939C3B66-1EAC-483D-9CCA-952572E49E09}.Release|x86.ActiveCfg = Release|Win32
		{939C3B66-1EAC-483D-9CCA-952572E49E09}.Release|x86.Build.0 = Release|Win32
		{D2663099-C6C5-400E-9BA1-0B987DBDB010}.Debug|x64.ActiveCfg = Debug|x64
		{D2663099-C6C5-400E-9BA1-0B987DBDB010}.Debug|x64.Build.0 = Debug|x64
		{D2663099-C6C5-400E-9BA1-0B987DBDB010}.Debug|x86.ActiveCfg = Debug|Win32
		{D2663099-C6C5-400E-9BA1-0B987DBDB010}.Debug|x86.Build.0 = Debug|Win32
		{D2663099-C6C5-400E-9BA1-0B987DBDB010}.Release|x64.ActiveCfg = Release|x64
		{D2663099-C6C5-400E-9BA1-0B987DBDB010}.Release|x64.Build.0 = Release|x64
		{D2663099-C6C5-400E-9BA1-0B987DBDB010}.Release|x86.ActiveCfg = Release|Win32
		{D2663099-C6C5-400E-9BA1-0B987DBDB010}.Release|x86.Build.0 = Release|Win32
		{0D08927D-3E4D-4B1C-B76C-D17B29A0DD0D}.Debug|x64.ActiveCfg = Debug|x64
		{0D08927D-3E4D-4B1C-B76C-D17B29A0DD0D}.Debug|x64.Build.0 = Debug|x64
		{0D08927D-3E4D-4B1C-B76C-D17B29A0DD0D}.Debug|x86.ActiveCfg = Debug|Win32
		{0D08927D-3E4D-4B1C-B76C-D17B29A0DD0D}.Debug|x86.Build.0 = Debug|Win32
		{0D08927D-3E4D-4B1C-B76C-D17B29A0DD0D}.Release|x64.ActiveCfg = Release|x64
		{0D08927D-3E4D-4B1C-B76C-D17B29A0DD0D}.Release|x64.Build.0 = Release|x64
		{0D08927D-3E4D-4B1C-B76C-D17B29A0DD0D}.Release|x86.ActiveCfg = Release|Win32
		{0D08927D-3E4D-4B1C-B76C-D17B29A0DD0D}.Release|x86.Build.0 = Release|Win32
	EndGlobalSection
	GlobalSection(SolutionProperties) = preSolution
		HideSolutionNode = FALSE
	EndGlobalSection
	GlobalSection(ExtensibilityGlobals) = postSolution
		SolutionGuid = {542D51A5-5B3E-472F-B6D1-08A6948360B7}
	EndGlobalSection
EndGlobal
