
Microsoft Visual Studio Solution File, Format Version 12.00
# Visual Studio Version 17
VisualStudioVersion = 17.3.32929.385
MinimumVisualStudioVersion = 10.0.40219.1
Project("{8BC9CEB8-8B4A-11D0-8D11-00A0C91BC942}") = "01_Intro_OOP", "01_Intro_OOP\01_Intro_OOP.vcxproj", "{4E26D6B3-7694-4230-8F88-9EBFF6A89CA4}"
EndProject
Project("{8BC9CEB8-8B4A-11D0-8D11-00A0C91BC942}") = "02_ConstructorDestructor", "02_ConstructorDestructor\02_ConstructorDestructor.vcxproj", "{7DC00280-1941-4C5D-AD78-13F326A6666C}"
EndProject
Project("{8BC9CEB8-8B4A-11D0-8D11-00A0C91BC942}") = "03_Initialization", "03_Initialization\03_Initialization.vcxproj", "{0309841D-E92A-45E0-A650-151F435E23A7}"
EndProject
Project("{8BC9CEB8-8B4A-11D0-8D11-00A0C91BC942}") = "04_CopyConstructor", "04_CopyConstructor\04_CopyConstructor.vcxproj", "{4AA6AC93-F0CA-4247-8F7D-A7C2E91CF07E}"
EndProject
Project("{8BC9CEB8-8B4A-11D0-8D11-00A0C91BC942}") = "05_InlineStaticMethodsDelegation", "05_InlineStaticMethodsDelegation\05_InlineStaticMethodsDelegation.vcxproj", "{10050C5B-B659-450A-9FD7-79C5809EFA9E}"
EndProject
Project("{8BC9CEB8-8B4A-11D0-8D11-00A0C91BC942}") = "06_ConstExplicit", "06_ConstExplicit\06_ConstExplicit.vcxproj", "{765E657E-E691-4723-BB87-C721612BF33C}"
EndProject
Project("{8BC9CEB8-8B4A-11D0-8D11-00A0C91BC942}") = "07_OverloadOperators", "07_OverloadOperators\07_OverloadOperators.vcxproj", "{939C3B66-1EAC-483D-9CCA-952572E49E09}"
EndProject
Project("{8BC9CEB8-8B4A-11D0-8D11-00A0C91BC942}") = "08_Train", "08_Train\08_Train.vcxproj", "{D2663099-C6C5-400E-9BA1-0B987DBDB010}"
EndProject
Project("{8BC9CEB8-8B4A-11D0-8D11-00A0C91BC942}") = "09_OverloadTypes", "09_OverloadTypes\09_OverloadTypes.vcxproj", "{0D08927D-3E4D-4B1C-B76C-D17B29A0DD0D}"
EndProject
Project("{8BC9CEB8-8B4A-11D0-8D11-00A0C91BC942}") = "10_Library_MoveCtor", "10_Library_MoveCtor\10_Library_MoveCtor.vcxproj", "{BD07EEA6-34C4-49DA-9B03-EFA26DF7D654}"
EndProject
Project("{8BC9CEB8-8B4A-11D0-8D11-00A0C91BC942}") = "11_TemplateInitizlizerList", "11_TemplateInitizlizerList\11_TemplateInitizlizerList.vcxproj", "{51BC38F7-1634-413B-93DA-7ED6180098F4}"
EndProject
Project("{8BC9CEB8-8B4A-11D0-8D11-00A0C91BC942}") = "12_Stack", "12_Stack\12_Stack.vcxproj", "{9D258B42-2F7B-4437-BE4B-18764D676F30}"
EndProject
Project("{8BC9CEB8-8B4A-11D0-8D11-00A0C91BC942}") = "13_Queue", "13_Queue\13_Queue.vcxproj", "{3F77D315-105D-478B-8AAC-D91FB2979870}"
EndProject
Project("{8BC9CEB8-8B4A-11D0-8D11-00A0C91BC942}") = "14_QueueWithPriority", "14_QueueWithPriority\14_QueueWithPriority.vcxproj", "{2A147952-5580-4B94-93EB-45EB0EA0C46E}"
EndProject
Project("{8BC9CEB8-8B4A-11D0-8D11-00A0C91BC942}") = "15_SingleLinkedList", "15_SingleLinkedList\15_SingleLinkedList.vcxproj", "{674A1C1A-205B-44AB-A270-305EF5B32CB4}"
EndProject
Project("{8BC9CEB8-8B4A-11D0-8D11-00A0C91BC942}") = "16_DoubleLinkedList", "16_DoubleLinkedList\16_DoubleLinkedList.vcxproj", "{4DD4CDBE-2193-4503-9FEB-D9B7F9DE0105}"
EndProject
Project("{8BC9CEB8-8B4A-11D0-8D11-00A0C91BC942}") = "17_Inheritance", "17_Inheritance\17_Inheritance.vcxproj", "{DEEA27C9-517B-4DAE-9E09-041C785B2926}"
EndProject
Project("{8BC9CEB8-8B4A-11D0-8D11-00A0C91BC942}") = "18_InheritancePolimorphizm", "18_InheritancePolimorphizm\18_InheritancePolimorphizm.vcxproj", "{F78482DE-A957-4CA4-AEEA-166D650A5917}"
EndProject
Project("{8BC9CEB8-8B4A-11D0-8D11-00A0C91BC942}") = "19_AbstractClass", "19_AbstractClass\19_AbstractClass.vcxproj", "{5629B6A8-F4C6-44CE-B781-F41A0CEFE223}"
EndProject
Global
	GlobalSection(SolutionConfigurationPlatforms) = preSolution
		Debug|x64 = Debug|x64
		Debug|x86 = Debug|x86
		Release|x64 = Release|x64
		Release|x86 = Release|x86
	EndGlobalSection
	GlobalSection(ProjectConfigurationPlatforms) = postSolution
		{4E26D6B3-7694-4230-8F88-9EBFF6A89CA4}.Debug|x64.ActiveCfg = Debug|x64
		{4E26D6B3-7694-4230-8F88-9EBFF6A89CA4}.Debug|x64.Build.0 = Debug|x64
		{4E26D6B3-7694-4230-8F88-9EBFF6A89CA4}.Debug|x86.ActiveCfg = Debug|Win32
		{4E26D6B3-7694-4230-8F88-9EBFF6A89CA4}.Debug|x86.Build.0 = Debug|Win32
		{4E26D6B3-7694-4230-8F88-9EBFF6A89CA4}.Release|x64.ActiveCfg = Release|x64
		{4E26D6B3-7694-4230-8F88-9EBFF6A89CA4}.Release|x64.Build.0 = Release|x64
		{4E26D6B3-7694-4230-8F88-9EBFF6A89CA4}.Release|x86.ActiveCfg = Release|Win32
		{4E26D6B3-7694-4230-8F88-9EBFF6A89CA4}.Release|x86.Build.0 = Release|Win32
		{7DC00280-1941-4C5D-AD78-13F326A6666C}.Debug|x64.ActiveCfg = Debug|x64
		{7DC00280-1941-4C5D-AD78-13F326A6666C}.Debug|x64.Build.0 = Debug|x64
		{7DC00280-1941-4C5D-AD78-13F326A6666C}.Debug|x86.ActiveCfg = Debug|Win32
		{7DC00280-1941-4C5D-AD78-13F326A6666C}.Debug|x86.Build.0 = Debug|Win32
		{7DC00280-1941-4C5D-AD78-13F326A6666C}.Release|x64.ActiveCfg = Release|x64
		{7DC00280-1941-4C5D-AD78-13F326A6666C}.Release|x64.Build.0 = Release|x64
		{7DC00280-1941-4C5D-AD78-13F326A6666C}.Release|x86.ActiveCfg = Release|Win32
		{7DC00280-1941-4C5D-AD78-13F326A6666C}.Release|x86.Build.0 = Release|Win32
		{0309841D-E92A-45E0-A650-151F435E23A7}.Debug|x64.ActiveCfg = Debug|x64
		{0309841D-E92A-45E0-A650-151F435E23A7}.Debug|x64.Build.0 = Debug|x64
		{0309841D-E92A-45E0-A650-151F435E23A7}.Debug|x86.ActiveCfg = Debug|Win32
		{0309841D-E92A-45E0-A650-151F435E23A7}.Debug|x86.Build.0 = Debug|Win32
		{0309841D-E92A-45E0-A650-151F435E23A7}.Release|x64.ActiveCfg = Release|x64
		{0309841D-E92A-45E0-A650-151F435E23A7}.Release|x64.Build.0 = Release|x64
		{0309841D-E92A-45E0-A650-151F435E23A7}.Release|x86.ActiveCfg = Release|Win32
		{0309841D-E92A-45E0-A650-151F435E23A7}.Release|x86.Build.0 = Release|Win32
		{4AA6AC93-F0CA-4247-8F7D-A7C2E91CF07E}.Debug|x64.ActiveCfg = Debug|x64
		{4AA6AC93-F0CA-4247-8F7D-A7C2E91CF07E}.Debug|x64.Build.0 = Debug|x64
		{4AA6AC93-F0CA-4247-8F7D-A7C2E91CF07E}.Debug|x86.ActiveCfg = Debug|Win32
		{4AA6AC93-F0CA-4247-8F7D-A7C2E91CF07E}.Debug|x86.Build.0 = Debug|Win32
		{4AA6AC93-F0CA-4247-8F7D-A7C2E91CF07E}.Release|x64.ActiveCfg = Release|x64
		{4AA6AC93-F0CA-4247-8F7D-A7C2E91CF07E}.Release|x64.Build.0 = Release|x64
		{4AA6AC93-F0CA-4247-8F7D-A7C2E91CF07E}.Release|x86.ActiveCfg = Release|Win32
		{4AA6AC93-F0CA-4247-8F7D-A7C2E91CF07E}.Release|x86.Build.0 = Release|Win32
		{10050C5B-B659-450A-9FD7-79C5809EFA9E}.Debug|x64.ActiveCfg = Debug|x64
		{10050C5B-B659-450A-9FD7-79C5809EFA9E}.Debug|x64.Build.0 = Debug|x64
		{10050C5B-B659-450A-9FD7-79C5809EFA9E}.Debug|x86.ActiveCfg = Debug|Win32
		{10050C5B-B659-450A-9FD7-79C5809EFA9E}.Debug|x86.Build.0 = Debug|Win32
		{10050C5B-B659-450A-9FD7-79C5809EFA9E}.Release|x64.ActiveCfg = Release|x64
		{10050C5B-B659-450A-9FD7-79C5809EFA9E}.Release|x64.Build.0 = Release|x64
		{10050C5B-B659-450A-9FD7-79C5809EFA9E}.Release|x86.ActiveCfg = Release|Win32
		{10050C5B-B659-450A-9FD7-79C5809EFA9E}.Release|x86.Build.0 = Release|Win32
		{765E657E-E691-4723-BB87-C721612BF33C}.Debug|x64.ActiveCfg = Debug|x64
		{765E657E-E691-4723-BB87-C721612BF33C}.Debug|x64.Build.0 = Debug|x64
		{765E657E-E691-4723-BB87-C721612BF33C}.Debug|x86.ActiveCfg = Debug|Win32
		{765E657E-E691-4723-BB87-C721612BF33C}.Debug|x86.Build.0 = Debug|Win32
		{765E657E-E691-4723-BB87-C721612BF33C}.Release|x64.ActiveCfg = Release|x64
		{765E657E-E691-4723-BB87-C721612BF33C}.Release|x64.Build.0 = Release|x64
		{765E657E-E691-4723-BB87-C721612BF33C}.Release|x86.ActiveCfg = Release|Win32
		{765E657E-E691-4723-BB87-C721612BF33C}.Release|x86.Build.0 = Release|Win32
		{939C3B66-1EAC-483D-9CCA-952572E49E09}.Debug|x64.ActiveCfg = Debug|x64
		{939C3B66-1EAC-483D-9CCA-952572E49E09}.Debug|x64.Build.0 = Debug|x64
		{939C3B66-1EAC-483D-9CCA-952572E49E09}.Debug|x86.ActiveCfg = Debug|Win32
		{939C3B66-1EAC-483D-9CCA-952572E49E09}.Debug|x86.Build.0 = Debug|Win32
		{939C3B66-1EAC-483D-9CCA-952572E49E09}.Release|x64.ActiveCfg = Release|x64
		{939C3B66-1EAC-483D-9CCA-952572E49E09}.Release|x64.Build.0 = Release|x64
		{939C3B66-1EAC-483D-9CCA-952572E49E09}.Release|x86.ActiveCfg = Release|Win32
		{939C3B66-1EAC-483D-9CCA-952572E49E09}.Release|x86.Build.0 = Release|Win32
		{D2663099-C6C5-400E-9BA1-0B987DBDB010}.Debug|x64.ActiveCfg = Debug|x64
		{D2663099-C6C5-400E-9BA1-0B987DBDB010}.Debug|x64.Build.0 = Debug|x64
		{D2663099-C6C5-400E-9BA1-0B987DBDB010}.Debug|x86.ActiveCfg = Debug|Win32
		{D2663099-C6C5-400E-9BA1-0B987DBDB010}.Debug|x86.Build.0 = Debug|Win32
		{D2663099-C6C5-400E-9BA1-0B987DBDB010}.Release|x64.ActiveCfg = Release|x64
		{D2663099-C6C5-400E-9BA1-0B987DBDB010}.Release|x64.Build.0 = Release|x64
		{D2663099-C6C5-400E-9BA1-0B987DBDB010}.Release|x86.ActiveCfg = Release|Win32
		{D2663099-C6C5-400E-9BA1-0B987DBDB010}.Release|x86.Build.0 = Release|Win32
		{0D08927D-3E4D-4B1C-B76C-D17B29A0DD0D}.Debug|x64.ActiveCfg = Debug|x64
		{0D08927D-3E4D-4B1C-B76C-D17B29A0DD0D}.Debug|x64.Build.0 = Debug|x64
		{0D08927D-3E4D-4B1C-B76C-D17B29A0DD0D}.Debug|x86.ActiveCfg = Debug|Win32
		{0D08927D-3E4D-4B1C-B76C-D17B29A0DD0D}.Debug|x86.Build.0 = Debug|Win32
		{0D08927D-3E4D-4B1C-B76C-D17B29A0DD0D}.Release|x64.ActiveCfg = Release|x64
		{0D08927D-3E4D-4B1C-B76C-D17B29A0DD0D}.Release|x64.Build.0 = Release|x64
		{0D08927D-3E4D-4B1C-B76C-D17B29A0DD0D}.Release|x86.ActiveCfg = Release|Win32
		{0D08927D-3E4D-4B1C-B76C-D17B29A0DD0D}.Release|x86.Build.0 = Release|Win32
		{BD07EEA6-34C4-49DA-9B03-EFA26DF7D654}.Debug|x64.ActiveCfg = Debug|x64
		{BD07EEA6-34C4-49DA-9B03-EFA26DF7D654}.Debug|x64.Build.0 = Debug|x64
		{BD07EEA6-34C4-49DA-9B03-EFA26DF7D654}.Debug|x86.ActiveCfg = Debug|Win32
		{BD07EEA6-34C4-49DA-9B03-EFA26DF7D654}.Debug|x86.Build.0 = Debug|Win32
		{BD07EEA6-34C4-49DA-9B03-EFA26DF7D654}.Release|x64.ActiveCfg = Release|x64
		{BD07EEA6-34C4-49DA-9B03-EFA26DF7D654}.Release|x64.Build.0 = Release|x64
		{BD07EEA6-34C4-49DA-9B03-EFA26DF7D654}.Release|x86.ActiveCfg = Release|Win32
		{BD07EEA6-34C4-49DA-9B03-EFA26DF7D654}.Release|x86.Build.0 = Release|Win32
		{51BC38F7-1634-413B-93DA-7ED6180098F4}.Debug|x64.ActiveCfg = Debug|x64
		{51BC38F7-1634-413B-93DA-7ED6180098F4}.Debug|x64.Build.0 = Debug|x64
		{51BC38F7-1634-413B-93DA-7ED6180098F4}.Debug|x86.ActiveCfg = Debug|Win32
		{51BC38F7-1634-413B-93DA-7ED6180098F4}.Debug|x86.Build.0 = Debug|Win32
		{51BC38F7-1634-413B-93DA-7ED6180098F4}.Release|x64.ActiveCfg = Release|x64
		{51BC38F7-1634-413B-93DA-7ED6180098F4}.Release|x64.Build.0 = Release|x64
		{51BC38F7-1634-413B-93DA-7ED6180098F4}.Release|x86.ActiveCfg = Release|Win32
		{51BC38F7-1634-413B-93DA-7ED6180098F4}.Release|x86.Build.0 = Release|Win32
		{9D258B42-2F7B-4437-BE4B-18764D676F30}.Debug|x64.ActiveCfg = Debug|x64
		{9D258B42-2F7B-4437-BE4B-18764D676F30}.Debug|x64.Build.0 = Debug|x64
		{9D258B42-2F7B-4437-BE4B-18764D676F30}.Debug|x86.ActiveCfg = Debug|Win32
		{9D258B42-2F7B-4437-BE4B-18764D676F30}.Debug|x86.Build.0 = Debug|Win32
		{9D258B42-2F7B-4437-BE4B-18764D676F30}.Release|x64.ActiveCfg = Release|x64
		{9D258B42-2F7B-4437-BE4B-18764D676F30}.Release|x64.Build.0 = Release|x64
		{9D258B42-2F7B-4437-BE4B-18764D676F30}.Release|x86.ActiveCfg = Release|Win32
		{9D258B42-2F7B-4437-BE4B-18764D676F30}.Release|x86.Build.0 = Release|Win32
		{3F77D315-105D-478B-8AAC-D91FB2979870}.Debug|x64.ActiveCfg = Debug|x64
		{3F77D315-105D-478B-8AAC-D91FB2979870}.Debug|x64.Build.0 = Debug|x64
		{3F77D315-105D-478B-8AAC-D91FB2979870}.Debug|x86.ActiveCfg = Debug|Win32
		{3F77D315-105D-478B-8AAC-D91FB2979870}.Debug|x86.Build.0 = Debug|Win32
		{3F77D315-105D-478B-8AAC-D91FB2979870}.Release|x64.ActiveCfg = Release|x64
		{3F77D315-105D-478B-8AAC-D91FB2979870}.Release|x64.Build.0 = Release|x64
		{3F77D315-105D-478B-8AAC-D91FB2979870}.Release|x86.ActiveCfg = Release|Win32
		{3F77D315-105D-478B-8AAC-D91FB2979870}.Release|x86.Build.0 = Release|Win32
		{2A147952-5580-4B94-93EB-45EB0EA0C46E}.Debug|x64.ActiveCfg = Debug|x64
		{2A147952-5580-4B94-93EB-45EB0EA0C46E}.Debug|x64.Build.0 = Debug|x64
		{2A147952-5580-4B94-93EB-45EB0EA0C46E}.Debug|x86.ActiveCfg = Debug|Win32
		{2A147952-5580-4B94-93EB-45EB0EA0C46E}.Debug|x86.Build.0 = Debug|Win32
		{2A147952-5580-4B94-93EB-45EB0EA0C46E}.Release|x64.ActiveCfg = Release|x64
		{2A147952-5580-4B94-93EB-45EB0EA0C46E}.Release|x64.Build.0 = Release|x64
		{2A147952-5580-4B94-93EB-45EB0EA0C46E}.Release|x86.ActiveCfg = Release|Win32
		{2A147952-5580-4B94-93EB-45EB0EA0C46E}.Release|x86.Build.0 = Release|Win32
		{674A1C1A-205B-44AB-A270-305EF5B32CB4}.Debug|x64.ActiveCfg = Debug|x64
		{674A1C1A-205B-44AB-A270-305EF5B32CB4}.Debug|x64.Build.0 = Debug|x64
		{674A1C1A-205B-44AB-A270-305EF5B32CB4}.Debug|x86.ActiveCfg = Debug|Win32
		{674A1C1A-205B-44AB-A270-305EF5B32CB4}.Debug|x86.Build.0 = Debug|Win32
		{674A1C1A-205B-44AB-A270-305EF5B32CB4}.Release|x64.ActiveCfg = Release|x64
		{674A1C1A-205B-44AB-A270-305EF5B32CB4}.Release|x64.Build.0 = Release|x64
		{674A1C1A-205B-44AB-A270-305EF5B32CB4}.Release|x86.ActiveCfg = Release|Win32
		{674A1C1A-205B-44AB-A270-305EF5B32CB4}.Release|x86.Build.0 = Release|Win32
		{4DD4CDBE-2193-4503-9FEB-D9B7F9DE0105}.Debug|x64.ActiveCfg = Debug|x64
		{4DD4CDBE-2193-4503-9FEB-D9B7F9DE0105}.Debug|x64.Build.0 = Debug|x64
		{4DD4CDBE-2193-4503-9FEB-D9B7F9DE0105}.Debug|x86.ActiveCfg = Debug|Win32
		{4DD4CDBE-2193-4503-9FEB-D9B7F9DE0105}.Debug|x86.Build.0 = Debug|Win32
		{4DD4CDBE-2193-4503-9FEB-D9B7F9DE0105}.Release|x64.ActiveCfg = Release|x64
		{4DD4CDBE-2193-4503-9FEB-D9B7F9DE0105}.Release|x64.Build.0 = Release|x64
		{4DD4CDBE-2193-4503-9FEB-D9B7F9DE0105}.Release|x86.ActiveCfg = Release|Win32
		{4DD4CDBE-2193-4503-9FEB-D9B7F9DE0105}.Release|x86.Build.0 = Release|Win32
		{DEEA27C9-517B-4DAE-9E09-041C785B2926}.Debug|x64.ActiveCfg = Debug|x64
		{DEEA27C9-517B-4DAE-9E09-041C785B2926}.Debug|x64.Build.0 = Debug|x64
		{DEEA27C9-517B-4DAE-9E09-041C785B2926}.Debug|x86.ActiveCfg = Debug|Win32
		{DEEA27C9-517B-4DAE-9E09-041C785B2926}.Debug|x86.Build.0 = Debug|Win32
		{DEEA27C9-517B-4DAE-9E09-041C785B2926}.Release|x64.ActiveCfg = Release|x64
		{DEEA27C9-517B-4DAE-9E09-041C785B2926}.Release|x64.Build.0 = Release|x64
		{DEEA27C9-517B-4DAE-9E09-041C785B2926}.Release|x86.ActiveCfg = Release|Win32
		{DEEA27C9-517B-4DAE-9E09-041C785B2926}.Release|x86.Build.0 = Release|Win32
		{F78482DE-A957-4CA4-AEEA-166D650A5917}.Debug|x64.ActiveCfg = Debug|x64
		{F78482DE-A957-4CA4-AEEA-166D650A5917}.Debug|x64.Build.0 = Debug|x64
		{F78482DE-A957-4CA4-AEEA-166D650A5917}.Debug|x86.ActiveCfg = Debug|Win32
		{F78482DE-A957-4CA4-AEEA-166D650A5917}.Debug|x86.Build.0 = Debug|Win32
		{F78482DE-A957-4CA4-AEEA-166D650A5917}.Release|x64.ActiveCfg = Release|x64
		{F78482DE-A957-4CA4-AEEA-166D650A5917}.Release|x64.Build.0 = Release|x64
		{F78482DE-A957-4CA4-AEEA-166D650A5917}.Release|x86.ActiveCfg = Release|Win32
		{F78482DE-A957-4CA4-AEEA-166D650A5917}.Release|x86.Build.0 = Release|Win32
		{5629B6A8-F4C6-44CE-B781-F41A0CEFE223}.Debug|x64.ActiveCfg = Debug|x64
		{5629B6A8-F4C6-44CE-B781-F41A0CEFE223}.Debug|x64.Build.0 = Debug|x64
		{5629B6A8-F4C6-44CE-B781-F41A0CEFE223}.Debug|x86.ActiveCfg = Debug|Win32
		{5629B6A8-F4C6-44CE-B781-F41A0CEFE223}.Debug|x86.Build.0 = Debug|Win32
		{5629B6A8-F4C6-44CE-B781-F41A0CEFE223}.Release|x64.ActiveCfg = Release|x64
		{5629B6A8-F4C6-44CE-B781-F41A0CEFE223}.Release|x64.Build.0 = Release|x64
		{5629B6A8-F4C6-44CE-B781-F41A0CEFE223}.Release|x86.ActiveCfg = Release|Win32
		{5629B6A8-F4C6-44CE-B781-F41A0CEFE223}.Release|x86.Build.0 = Release|Win32
	EndGlobalSection
	GlobalSection(SolutionProperties) = preSolution
		HideSolutionNode = FALSE
	EndGlobalSection
	GlobalSection(ExtensibilityGlobals) = postSolution
		SolutionGuid = {542D51A5-5B3E-472F-B6D1-08A6948360B7}
	EndGlobalSection
EndGlobal
